// !$*UTF8*$!
{
	archiveVersion = 1;
	classes = {
	};
	objectVersion = 46;
	objects = {

/* Begin PBXBuildFile section */
		C89459C61A67CD87000D3917 /* AppDelegate.swift in Sources */ = {isa = PBXBuildFile; fileRef = C89459C51A67CD87000D3917 /* AppDelegate.swift */; };
		C89459C81A67CD87000D3917 /* ViewController.swift in Sources */ = {isa = PBXBuildFile; fileRef = C89459C71A67CD87000D3917 /* ViewController.swift */; };
		C89459CB1A67CD87000D3917 /* Main.storyboard in Resources */ = {isa = PBXBuildFile; fileRef = C89459C91A67CD87000D3917 /* Main.storyboard */; };
		C89459CD1A67CD87000D3917 /* Images.xcassets in Resources */ = {isa = PBXBuildFile; fileRef = C89459CC1A67CD87000D3917 /* Images.xcassets */; };
		C89459D01A67CD87000D3917 /* LaunchScreen.xib in Resources */ = {isa = PBXBuildFile; fileRef = C89459CE1A67CD87000D3917 /* LaunchScreen.xib */; };
		C89459DC1A67CD88000D3917 /* Navigation_BarsTests.swift in Sources */ = {isa = PBXBuildFile; fileRef = C89459DB1A67CD88000D3917 /* Navigation_BarsTests.swift */; };
/* End PBXBuildFile section */

/* Begin PBXContainerItemProxy section */
		C89459D61A67CD87000D3917 /* PBXContainerItemProxy */ = {
			isa = PBXContainerItemProxy;
			containerPortal = C89459B81A67CD87000D3917 /* Project object */;
			proxyType = 1;
			remoteGlobalIDString = C89459BF1A67CD87000D3917;
			remoteInfo = "Navigation Bars";
		};
/* End PBXContainerItemProxy section */

/* Begin PBXFileReference section */
		C89459C01A67CD87000D3917 /* Navigation Bars.app */ = {isa = PBXFileReference; explicitFileType = wrapper.application; includeInIndex = 0; path = "Navigation Bars.app"; sourceTree = BUILT_PRODUCTS_DIR; };
		C89459C41A67CD87000D3917 /* Info.plist */ = {isa = PBXFileReference; lastKnownFileType = text.plist.xml; path = Info.plist; sourceTree = "<group>"; };
		C89459C51A67CD87000D3917 /* AppDelegate.swift */ = {isa = PBXFileReference; lastKnownFileType = sourcecode.swift; path = AppDelegate.swift; sourceTree = "<group>"; };
		C89459C71A67CD87000D3917 /* ViewController.swift */ = {isa = PBXFileReference; lastKnownFileType = sourcecode.swift; path = ViewController.swift; sourceTree = "<group>"; };
		C89459CA1A67CD87000D3917 /* Base */ = {isa = PBXFileReference; lastKnownFileType = file.storyboard; name = Base; path = Base.lproj/Main.storyboard; sourceTree = "<group>"; };
		C89459CC1A67CD87000D3917 /* Images.xcassets */ = {isa = PBXFileReference; lastKnownFileType = folder.assetcatalog; path = Images.xcassets; sourceTree = "<group>"; };
		C89459CF1A67CD87000D3917 /* Base */ = {isa = PBXFileReference; lastKnownFileType = file.xib; name = Base; path = Base.lproj/LaunchScreen.xib; sourceTree = "<group>"; };
		C89459D51A67CD87000D3917 /* Navigation BarsTests.xctest */ = {isa = PBXFileReference; explicitFileType = wrapper.cfbundle; includeInIndex = 0; path = "Navigation BarsTests.xctest"; sourceTree = BUILT_PRODUCTS_DIR; };
		C89459DA1A67CD88000D3917 /* Info.plist */ = {isa = PBXFileReference; lastKnownFileType = text.plist.xml; path = Info.plist; sourceTree = "<group>"; };
		C89459DB1A67CD88000D3917 /* Navigation_BarsTests.swift */ = {isa = PBXFileReference; lastKnownFileType = sourcecode.swift; path = Navigation_BarsTests.swift; sourceTree = "<group>"; };
/* End PBXFileReference section */

/* Begin PBXFrameworksBuildPhase section */
		C89459BD1A67CD87000D3917 /* Frameworks */ = {
			isa = PBXFrameworksBuildPhase;
			buildActionMask = 2147483647;
			files = (
			);
			runOnlyForDeploymentPostprocessing = 0;
		};
		C89459D21A67CD87000D3917 /* Frameworks */ = {
			isa = PBXFrameworksBuildPhase;
			buildActionMask = 2147483647;
			files = (
			);
			runOnlyForDeploymentPostprocessing = 0;
		};
/* End PBXFrameworksBuildPhase section */

/* Begin PBXGroup section */
		C89459B71A67CD87000D3917 = {
			isa = PBXGroup;
			children = (
				C89459C21A67CD87000D3917 /* Navigation Bars */,
				C89459D81A67CD88000D3917 /* Navigation BarsTests */,
				C89459C11A67CD87000D3917 /* Products */,
			);
			sourceTree = "<group>";
		};
		C89459C11A67CD87000D3917 /* Products */ = {
			isa = PBXGroup;
			children = (
				C89459C01A67CD87000D3917 /* Navigation Bars.app */,
				C89459D51A67CD87000D3917 /* Navigation BarsTests.xctest */,
			);
			name = Products;
			sourceTree = "<group>";
		};
		C89459C21A67CD87000D3917 /* Navigation Bars */ = {
			isa = PBXGroup;
			children = (
				C89459C51A67CD87000D3917 /* AppDelegate.swift */,
				C89459C71A67CD87000D3917 /* ViewController.swift */,
				C89459C91A67CD87000D3917 /* Main.storyboard */,
				C89459CC1A67CD87000D3917 /* Images.xcassets */,
				C89459CE1A67CD87000D3917 /* LaunchScreen.xib */,
				C89459C31A67CD87000D3917 /* Supporting Files */,
			);
			path = "Navigation Bars";
			sourceTree = "<group>";
		};
		C89459C31A67CD87000D3917 /* Supporting Files */ = {
			isa = PBXGroup;
			children = (
				C89459C41A67CD87000D3917 /* Info.plist */,
			);
			name = "Supporting Files";
			sourceTree = "<group>";
		};
		C89459D81A67CD88000D3917 /* Navigation BarsTests */ = {
			isa = PBXGroup;
			children = (
				C89459DB1A67CD88000D3917 /* Navigation_BarsTests.swift */,
				C89459D91A67CD88000D3917 /* Supporting Files */,
			);
			path = "Navigation BarsTests";
			sourceTree = "<group>";
		};
		C89459D91A67CD88000D3917 /* Supporting Files */ = {
			isa = PBXGroup;
			children = (
				C89459DA1A67CD88000D3917 /* Info.plist */,
			);
			name = "Supporting Files";
			sourceTree = "<group>";
		};
/* End PBXGroup section */

/* Begin PBXNativeTarget section */
		C89459BF1A67CD87000D3917 /* Navigation Bars */ = {
			isa = PBXNativeTarget;
			buildConfigurationList = C89459DF1A67CD88000D3917 /* Build configuration list for PBXNativeTarget "Navigation Bars" */;
			buildPhases = (
				C89459BC1A67CD87000D3917 /* Sources */,
				C89459BD1A67CD87000D3917 /* Frameworks */,
				C89459BE1A67CD87000D3917 /* Resources */,
			);
			buildRules = (
			);
			dependencies = (
			);
			name = "Navigation Bars";
			productName = "Navigation Bars";
			productReference = C89459C01A67CD87000D3917 /* Navigation Bars.app */;
			productType = "com.apple.product-type.application";
		};
		C89459D41A67CD87000D3917 /* Navigation BarsTests */ = {
			isa = PBXNativeTarget;
			buildConfigurationList = C89459E21A67CD88000D3917 /* Build configuration list for PBXNativeTarget "Navigation BarsTests" */;
			buildPhases = (
				C89459D11A67CD87000D3917 /* Sources */,
				C89459D21A67CD87000D3917 /* Frameworks */,
				C89459D31A67CD87000D3917 /* Resources */,
			);
			buildRules = (
			);
			dependencies = (
				C89459D71A67CD87000D3917 /* PBXTargetDependency */,
			);
			name = "Navigation BarsTests";
			productName = "Navigation BarsTests";
			productReference = C89459D51A67CD87000D3917 /* Navigation BarsTests.xctest */;
			productType = "com.apple.product-type.bundle.unit-test";
		};
/* End PBXNativeTarget section */

/* Begin PBXProject section */
		C89459B81A67CD87000D3917 /* Project object */ = {
			isa = PBXProject;
			attributes = {
				LastSwiftUpdateCheck = 0720;
				LastUpgradeCheck = 0720;
				ORGANIZATIONNAME = Appfish;
				TargetAttributes = {
					C89459BF1A67CD87000D3917 = {
						CreatedOnToolsVersion = 6.1.1;
					};
					C89459D41A67CD87000D3917 = {
						CreatedOnToolsVersion = 6.1.1;
						TestTargetID = C89459BF1A67CD87000D3917;
					};
				};
			};
			buildConfigurationList = C89459BB1A67CD87000D3917 /* Build configuration list for PBXProject "Navigation Bars" */;
			compatibilityVersion = "Xcode 3.2";
			developmentRegion = English;
			hasScannedForEncodings = 0;
			knownRegions = (
				en,
				Base,
			);
			mainGroup = C89459B71A67CD87000D3917;
			productRefGroup = C89459C11A67CD87000D3917 /* Products */;
			projectDirPath = "";
			projectRoot = "";
			targets = (
				C89459BF1A67CD87000D3917 /* Navigation Bars */,
				C89459D41A67CD87000D3917 /* Navigation BarsTests */,
			);
		};
/* End PBXProject section */

/* Begin PBXResourcesBuildPhase section */
		C89459BE1A67CD87000D3917 /* Resources */ = {
			isa = PBXResourcesBuildPhase;
			buildActionMask = 2147483647;
			files = (
				C89459CB1A67CD87000D3917 /* Main.storyboard in Resources */,
				C89459D01A67CD87000D3917 /* LaunchScreen.xib in Resources */,
				C89459CD1A67CD87000D3917 /* Images.xcassets in Resources */,
			);
			runOnlyForDeploymentPostprocessing = 0;
		};
		C89459D31A67CD87000D3917 /* Resources */ = {
			isa = PBXResourcesBuildPhase;
			buildActionMask = 2147483647;
			files = (
			);
			runOnlyForDeploymentPostprocessing = 0;
		};
/* End PBXResourcesBuildPhase section */

/* Begin PBXSourcesBuildPhase section */
		C89459BC1A67CD87000D3917 /* Sources */ = {
			isa = PBXSourcesBuildPhase;
			buildActionMask = 2147483647;
			files = (
				C89459C81A67CD87000D3917 /* ViewController.swift in Sources */,
				C89459C61A67CD87000D3917 /* AppDelegate.swift in Sources */,
			);
			runOnlyForDeploymentPostprocessing = 0;
		};
		C89459D11A67CD87000D3917 /* Sources */ = {
			isa = PBXSourcesBuildPhase;
			buildActionMask = 2147483647;
			files = (
				C89459DC1A67CD88000D3917 /* Navigation_BarsTests.swift in Sources */,
			);
			runOnlyForDeploymentPostprocessing = 0;
		};
/* End PBXSourcesBuildPhase section */

/* Begin PBXTargetDependency section */
		C89459D71A67CD87000D3917 /* PBXTargetDependency */ = {
			isa = PBXTargetDependency;
			target = C89459BF1A67CD87000D3917 /* Navigation Bars */;
			targetProxy = C89459D61A67CD87000D3917 /* PBXContainerItemProxy */;
		};
/* End PBXTargetDependency section */

/* Begin PBXVariantGroup section */
		C89459C91A67CD87000D3917 /* Main.storyboard */ = {
			isa = PBXVariantGroup;
			children = (
				C89459CA1A67CD87000D3917 /* Base */,
			);
			name = Main.storyboard;
			sourceTree = "<group>";
		};
		C89459CE1A67CD87000D3917 /* LaunchScreen.xib */ = {
			isa = PBXVariantGroup;
			children = (
				C89459CF1A67CD87000D3917 /* Base */,
			);
			name = LaunchScreen.xib;
			sourceTree = "<group>";
		};
/* End PBXVariantGroup section */

/* Begin XCBuildConfiguration section */
		C89459DD1A67CD88000D3917 /* Debug */ = {
			isa = XCBuildConfiguration;
			buildSettings = {
				ALWAYS_SEARCH_USER_PATHS = NO;
				CLANG_CXX_LANGUAGE_STANDARD = "gnu++0x";
				CLANG_CXX_LIBRARY = "libc++";
				CLANG_ENABLE_MODULES = YES;
				CLANG_ENABLE_OBJC_ARC = YES;
				CLANG_WARN_BOOL_CONVERSION = YES;
				CLANG_WARN_CONSTANT_CONVERSION = YES;
				CLANG_WARN_DIRECT_OBJC_ISA_USAGE = YES_ERROR;
				CLANG_WARN_EMPTY_BODY = YES;
				CLANG_WARN_ENUM_CONVERSION = YES;
				CLANG_WARN_INT_CONVERSION = YES;
				CLANG_WARN_OBJC_ROOT_CLASS = YES_ERROR;
				CLANG_WARN_UNREACHABLE_CODE = YES;
				CLANG_WARN__DUPLICATE_METHOD_MATCH = YES;
				"CODE_SIGN_IDENTITY[sdk=iphoneos*]" = "iPhone Developer";
				COPY_PHASE_STRIP = NO;
				ENABLE_STRICT_OBJC_MSGSEND = YES;
				ENABLE_TESTABILITY = YES;
				GCC_C_LANGUAGE_STANDARD = gnu99;
				GCC_DYNAMIC_NO_PIC = NO;
				GCC_OPTIMIZATION_LEVEL = 0;
				GCC_PREPROCESSOR_DEFINITIONS = (
					"DEBUG=1",
					"$(inherited)",
				);
				GCC_SYMBOLS_PRIVATE_EXTERN = NO;
				GCC_WARN_64_TO_32_BIT_CONVERSION = YES;
				GCC_WARN_ABOUT_RETURN_TYPE = YES_ERROR;
				GCC_WARN_UNDECLARED_SELECTOR = YES;
				GCC_WARN_UNINITIALIZED_AUTOS = YES_AGGRESSIVE;
				GCC_WARN_UNUSED_FUNCTION = YES;
				GCC_WARN_UNUSED_VARIABLE = YES;
				IPHONEOS_DEPLOYMENT_TARGET = 8.1;
				MTL_ENABLE_DEBUG_INFO = YES;
				ONLY_ACTIVE_ARCH = YES;
				SDKROOT = iphoneos;
				SWIFT_OPTIMIZATION_LEVEL = "-Onone";
			};
			name = Debug;
		};
		C89459DE1A67CD88000D3917 /* Release */ = {
			isa = XCBuildConfiguration;
			buildSettings = {
				ALWAYS_SEARCH_USER_PATHS = NO;
				CLANG_CXX_LANGUAGE_STANDARD = "gnu++0x";
				CLANG_CXX_LIBRARY = "libc++";
				CLANG_ENABLE_MODULES = YES;
				CLANG_ENABLE_OBJC_ARC = YES;
				CLANG_WARN_BOOL_CONVERSION = YES;
				CLANG_WARN_CONSTANT_CONVERSION = YES;
				CLANG_WARN_DIRECT_OBJC_ISA_USAGE = YES_ERROR;
				CLANG_WARN_EMPTY_BODY = YES;
				CLANG_WARN_ENUM_CONVERSION = YES;
				CLANG_WARN_INT_CONVERSION = YES;
				CLANG_WARN_OBJC_ROOT_CLASS = YES_ERROR;
				CLANG_WARN_UNREACHABLE_CODE = YES;
				CLANG_WARN__DUPLICATE_METHOD_MATCH = YES;
				"CODE_SIGN_IDENTITY[sdk=iphoneos*]" = "iPhone Developer";
				COPY_PHASE_STRIP = YES;
				ENABLE_NS_ASSERTIONS = NO;
				ENABLE_STRICT_OBJC_MSGSEND = YES;
				GCC_C_LANGUAGE_STANDARD = gnu99;
				GCC_WARN_64_TO_32_BIT_CONVERSION = YES;
				GCC_WARN_ABOUT_RETURN_TYPE = YES_ERROR;
				GCC_WARN_UNDECLARED_SELECTOR = YES;
				GCC_WARN_UNINITIALIZED_AUTOS = YES_AGGRESSIVE;
				GCC_WARN_UNUSED_FUNCTION = YES;
				GCC_WARN_UNUSED_VARIABLE = YES;
				IPHONEOS_DEPLOYMENT_TARGET = 8.1;
				MTL_ENABLE_DEBUG_INFO = NO;
				SDKROOT = iphoneos;
				VALIDATE_PRODUCT = YES;
			};
			name = Release;
		};
		C89459E01A67CD88000D3917 /* Debug */ = {
			isa = XCBuildConfiguration;
			buildSettings = {
				ASSETCATALOG_COMPILER_APPICON_NAME = AppIcon;
				INFOPLIST_FILE = "Navigation Bars/Info.plist";
				LD_RUNPATH_SEARCH_PATHS = "$(inherited) @executable_path/Frameworks";
				PRODUCT_BUNDLE_IDENTIFIER = "com.appfish.$(PRODUCT_NAME:rfc1034identifier)";
				PRODUCT_NAME = "$(TARGET_NAME)";
			};
			name = Debug;
		};
		C89459E11A67CD88000D3917 /* Release */ = {
			isa = XCBuildConfiguration;
			buildSettings = {
				ASSETCATALOG_COMPILER_APPICON_NAME = AppIcon;
				INFOPLIST_FILE = "Navigation Bars/Info.plist";
				LD_RUNPATH_SEARCH_PATHS = "$(inherited) @executable_path/Frameworks";
				PRODUCT_BUNDLE_IDENTIFIER = "com.appfish.$(PRODUCT_NAME:rfc1034identifier)";
				PRODUCT_NAME = "$(TARGET_NAME)";
			};
			name = Release;
		};
		C89459E31A67CD88000D3917 /* Debug */ = {
			isa = XCBuildConfiguration;
			buildSettings = {
				BUNDLE_LOADER = "$(TEST_HOST)";
				FRAMEWORK_SEARCH_PATHS = (
					"$(SDKROOT)/Developer/Library/Frameworks",
					"$(inherited)",
				);
				GCC_PREPROCESSOR_DEFINITIONS = (
					"DEBUG=1",
					"$(inherited)",
				);
				INFOPLIST_FILE = "Navigation BarsTests/Info.plist";
				LD_RUNPATH_SEARCH_PATHS = "$(inherited) @executable_path/Frameworks @loader_path/Frameworks";
				PRODUCT_BUNDLE_IDENTIFIER = "com.appfish.$(PRODUCT_NAME:rfc1034identifier)";
				PRODUCT_NAME = "$(TARGET_NAME)";
				TEST_HOST = "$(BUILT_PRODUCTS_DIR)/Navigation Bars.app/Navigation Bars";
			};
			name = Debug;
		};
		C89459E41A67CD88000D3917 /* Release */ = {
			isa = XCBuildConfiguration;
			buildSettings = {
				BUNDLE_LOADER = "$(TEST_HOST)";
				FRAMEWORK_SEARCH_PATHS = (
					"$(SDKROOT)/Developer/Library/Frameworks",
					"$(inherited)",
				);
				INFOPLIST_FILE = "Navigation BarsTests/Info.plist";
				LD_RUNPATH_SEARCH_PATHS = "$(inherited) @executable_path/Frameworks @loader_path/Frameworks";
				PRODUCT_BUNDLE_IDENTIFIER = "com.appfish.$(PRODUCT_NAME:rfc1034identifier)";
				PRODUCT_NAME = "$(TARGET_NAME)";
				TEST_HOST = "$(BUILT_PRODUCTS_DIR)/Navigation Bars.app/Navigation Bars";
			};
			name = Release;
		};
/* End XCBuildConfiguration section */

/* Begin XCConfigurationList section */
		C89459BB1A67CD87000D3917 /* Build configuration list for PBXProject "Navigation Bars" */ = {
			isa = XCConfigurationList;
			buildConfigurations = (
				C89459DD1A67CD88000D3917 /* Debug */,
				C89459DE1A67CD88000D3917 /* Release */,
			);
			defaultConfigurationIsVisible = 0;
			defaultConfigurationName = Release;
		};
		C89459DF1A67CD88000D3917 /* Build configuration list for PBXNativeTarget "Navigation Bars" */ = {
			isa = XCConfigurationList;
			buildConfigurations = (
				C89459E01A67CD88000D3917 /* Debug */,
				C89459E11A67CD88000D3917 /* Release */,
			);
			defaultConfigurationIsVisible = 0;
			defaultConfigurationName = Release;
		};
		C89459E21A67CD88000D3917 /* Build configuration list for PBXNativeTarget "Navigation BarsTests" */ = {
			isa = XCConfigurationList;
			buildConfigurations = (
				C89459E31A67CD88000D3917 /* Debug */,
				C89459E41A67CD88000D3917 /* Release */,
			);
			defaultConfigurationIsVisible = 0;
			defaultConfigurationName = Release;
		};
/* End XCConfigurationList section */
	};
	rootObject = C89459B81A67CD87000D3917 /* Project object */;
}
